
Microsoft Visual Studio Solution File, Format Version 12.00
# Visual Studio Version 17
VisualStudioVersion = 17.7.34024.191
MinimumVisualStudioVersion = 10.0.40219.1
Project("{8BC9CEB8-8B4A-11D0-8D11-00A0C91BC942}") = "8.2", "8.2.vcxproj", "{CF5566D3-254C-4DC2-A99A-FB1616BAB2BE}"
EndProject
Project("{8BC9CEB8-8B4A-11D0-8D11-00A0C91BC942}") = "UnitTest1", "UnitTest1\UnitTest1.vcxproj", "{EBCD2704-B5A0-41E7-A945-BA9E8921B91D}"
EndProject
Global
	GlobalSection(SolutionConfigurationPlatforms) = preSolution
		Debug|x64 = Debug|x64
		Debug|x86 = Debug|x86
		Release|x64 = Release|x64
		Release|x86 = Release|x86
	EndGlobalSection
	GlobalSection(ProjectConfigurationPlatforms) = postSolution
		{CF5566D3-254C-4DC2-A99A-FB1616BAB2BE}.Debug|x64.ActiveCfg = Debug|x64
		{CF5566D3-254C-4DC2-A99A-FB1616BAB2BE}.Debug|x64.Build.0 = Debug|x64
		{CF5566D3-254C-4DC2-A99A-FB1616BAB2BE}.Debug|x86.ActiveCfg = Debug|Win32
		{CF5566D3-254C-4DC2-A99A-FB1616BAB2BE}.Debug|x86.Build.0 = Debug|Win32
		{CF5566D3-254C-4DC2-A99A-FB1616BAB2BE}.Release|x64.ActiveCfg = Release|x64
		{CF5566D3-254C-4DC2-A99A-FB1616BAB2BE}.Release|x64.Build.0 = Release|x64
		{CF5566D3-254C-4DC2-A99A-FB1616BAB2BE}.Release|x86.ActiveCfg = Release|Win32
		{CF5566D3-254C-4DC2-A99A-FB1616BAB2BE}.Release|x86.Build.0 = Release|Win32
		{EBCD2704-B5A0-41E7-A945-BA9E8921B91D}.Debug|x64.ActiveCfg = Debug|x64
		{EBCD2704-B5A0-41E7-A945-BA9E8921B91D}.Debug|x64.Build.0 = Debug|x64
		{EBCD2704-B5A0-41E7-A945-BA9E8921B91D}.Debug|x86.ActiveCfg = Debug|Win32
		{EBCD2704-B5A0-41E7-A945-BA9E8921B91D}.Debug|x86.Build.0 = Debug|Win32
		{EBCD2704-B5A0-41E7-A945-BA9E8921B91D}.Release|x64.ActiveCfg = Release|x64
		{EBCD2704-B5A0-41E7-A945-BA9E8921B91D}.Release|x64.Build.0 = Release|x64
		{EBCD2704-B5A0-41E7-A945-BA9E8921B91D}.Release|x86.ActiveCfg = Release|Win32
		{EBCD2704-B5A0-41E7-A945-BA9E8921B91D}.Release|x86.Build.0 = Release|Win32
	EndGlobalSection
	GlobalSection(SolutionProperties) = preSolution
		HideSolutionNode = FALSE
	EndGlobalSection
	GlobalSection(ExtensibilityGlobals) = postSolution
		SolutionGuid = {65968C4F-57B2-446B-B9A1-8388EEFDD13A}
	EndGlobalSection
EndGlobal
